<?xml version="1.0" encoding="UTF-8" standalone="yes" ?>
<CodeBlocks_project_file>
	<FileVersion major="1" minor="6" />
	<Project>
		<Option title="MapEditor" />
		<Option pch_mode="2" />
		<Option compiler="gcc" />
		<Build>
			<Target title="Debug">
				<Option output="bin/MapEditor-debug" prefix_auto="1" extension_auto="1" />
				<Option working_dir="bin" />
				<Option object_output="obj/Debug/" />
				<Option type="1" />
				<Option compiler="gcc" />
				<Compiler>
					<Add option="-g" />
				</Compiler>
			</Target>
			<Target title="Release">
				<Option output="bin/MapEditor" prefix_auto="1" extension_auto="1" />
				<Option working_dir="bin" />
				<Option object_output="obj/Release/" />
				<Option type="1" />
				<Option compiler="gcc" />
			</Target>
		</Build>
		<Compiler>
			<Add option="-march=athlon-fx" />
			<Add directory="../TGUI-0.7-dev/include" />
			<Add directory="../SFML-2.3/include" />
			<Add directory="include" />
		</Compiler>
		<Linker>
			<Add library="tgui" />
			<Add library="sfml-graphics" />
			<Add library="sfml-window" />
			<Add library="sfml-system" />
			<Add directory="../SFML-2.3/lib" />
			<Add directory="../TGUI-0.7-dev/lib" />
		</Linker>
		<Unit filename="extlibs/sqlite3.def" />
		<Unit filename="include/Cell.hpp" />
		<Unit filename="include/Layer.hpp" />
		<Unit filename="include/Map.hpp" />
		<Unit filename="include/SQLFunctions.hpp" />
		<Unit filename="include/Settings.hpp" />
		<Unit filename="include/Tile.hpp" />
		<Unit filename="source/Cell.cpp" />
		<Unit filename="source/Layer.cpp" />
		<Unit filename="source/Map.cpp" />
		<Unit filename="source/SQLFunctions.cpp" />
		<Unit filename="source/main.cpp" />
		<Extensions>
			<code_completion />
			<envvars />
			<debugger />
			<lib_finder disable_auto="1" />
		</Extensions>
	</Project>
</CodeBlocks_project_file>
